
Microsoft Visual Studio Solution File, Format Version 12.00
# Visual Studio 15
VisualStudioVersion = 15.0.26912.0
MinimumVisualStudioVersion = 10.0.40219.1
Project("{D954291E-2A0B-460D-934E-DC6B0785DB48}") = "Contoso_Mobile", "Contoso Mobile\Contoso_Mobile\Contoso_Mobile.shproj", "{59134E88-0FFB-42CE-AD25-9C67941D43E7}"
EndProject
Project("{FAE04EC0-301F-11D3-BF4B-00C04F79EFBC}") = "Contoso_Mobile.Android", "Contoso Mobile\Contoso_Mobile.Android\Contoso_Mobile.Android.csproj", "{6F0AE360-84B7-4D60-92A5-D5043E623665}"
EndProject
Project("{FAE04EC0-301F-11D3-BF4B-00C04F79EFBC}") = "Contoso_Mobile.iOS", "Contoso Mobile\Contoso_Mobile.iOS\Contoso_Mobile.iOS.csproj", "{33F88941-0F04-402A-9AFC-192918F89985}"
EndProject
Project("{FAE04EC0-301F-11D3-BF4B-00C04F79EFBC}") = "Contoso_Mobile.UWP", "Contoso Mobile\Contoso_Mobile.UWP\Contoso_Mobile.UWP.csproj", "{9B20C44B-89B6-4A2F-819E-30D01AAA9C34}"
EndProject
Global
	GlobalSection(SharedMSBuildProjectFiles) = preSolution
		Contoso Mobile\Contoso_Mobile\Contoso_Mobile.projitems*{33f88941-0f04-402a-9afc-192918f89985}*SharedItemsImports = 4
		Contoso Mobile\Contoso_Mobile\Contoso_Mobile.projitems*{59134e88-0ffb-42ce-ad25-9c67941d43e7}*SharedItemsImports = 13
		Contoso Mobile\Contoso_Mobile\Contoso_Mobile.projitems*{6f0ae360-84b7-4d60-92a5-d5043e623665}*SharedItemsImports = 4
		Contoso Mobile\Contoso_Mobile\Contoso_Mobile.projitems*{9b20c44b-89b6-4a2f-819e-30d01aaa9c34}*SharedItemsImports = 4
	EndGlobalSection
	GlobalSection(SolutionConfigurationPlatforms) = preSolution
		Ad-Hoc|Any CPU = Ad-Hoc|Any CPU
		Ad-Hoc|ARM = Ad-Hoc|ARM
		Ad-Hoc|iPhone = Ad-Hoc|iPhone
		Ad-Hoc|iPhoneSimulator = Ad-Hoc|iPhoneSimulator
		Ad-Hoc|x64 = Ad-Hoc|x64
		Ad-Hoc|x86 = Ad-Hoc|x86
		AppStore|Any CPU = AppStore|Any CPU
		AppStore|ARM = AppStore|ARM
		AppStore|iPhone = AppStore|iPhone
		AppStore|iPhoneSimulator = AppStore|iPhoneSimulator
		AppStore|x64 = AppStore|x64
		AppStore|x86 = AppStore|x86
		Debug|Any CPU = Debug|Any CPU
		Debug|ARM = Debug|ARM
		Debug|iPhone = Debug|iPhone
		Debug|iPhoneSimulator = Debug|iPhoneSimulator
		Debug|x64 = Debug|x64
		Debug|x86 = Debug|x86
		Release|Any CPU = Release|Any CPU
		Release|ARM = Release|ARM
		Release|iPhone = Release|iPhone
		Release|iPhoneSimulator = Release|iPhoneSimulator
		Release|x64 = Release|x64
		Release|x86 = Release|x86
	EndGlobalSection
	GlobalSection(ProjectConfigurationPlatforms) = postSolution
		{6F0AE360-84B7-4D60-92A5-D5043E623665}.Ad-Hoc|Any CPU.ActiveCfg = Release|Any CPU
		{6F0AE360-84B7-4D60-92A5-D5043E623665}.Ad-Hoc|Any CPU.Build.0 = Release|Any CPU
		{6F0AE360-84B7-4D60-92A5-D5043E623665}.Ad-Hoc|Any CPU.Deploy.0 = Release|Any CPU
		{6F0AE360-84B7-4D60-92A5-D5043E623665}.Ad-Hoc|ARM.ActiveCfg = Release|Any CPU
		{6F0AE360-84B7-4D60-92A5-D5043E623665}.Ad-Hoc|ARM.Build.0 = Release|Any CPU
		{6F0AE360-84B7-4D60-92A5-D5043E623665}.Ad-Hoc|ARM.Deploy.0 = Release|Any CPU
		{6F0AE360-84B7-4D60-92A5-D5043E623665}.Ad-Hoc|iPhone.ActiveCfg = Release|Any CPU
		{6F0AE360-84B7-4D60-92A5-D5043E623665}.Ad-Hoc|iPhone.Build.0 = Release|Any CPU
		{6F0AE360-84B7-4D60-92A5-D5043E623665}.Ad-Hoc|iPhone.Deploy.0 = Release|Any CPU
		{6F0AE360-84B7-4D60-92A5-D5043E623665}.Ad-Hoc|iPhoneSimulator.ActiveCfg = Release|Any CPU
		{6F0AE360-84B7-4D60-92A5-D5043E623665}.Ad-Hoc|iPhoneSimulator.Build.0 = Release|Any CPU
		{6F0AE360-84B7-4D60-92A5-D5043E623665}.Ad-Hoc|iPhoneSimulator.Deploy.0 = Release|Any CPU
		{6F0AE360-84B7-4D60-92A5-D5043E623665}.Ad-Hoc|x64.ActiveCfg = Release|Any CPU
		{6F0AE360-84B7-4D60-92A5-D5043E623665}.Ad-Hoc|x64.Build.0 = Release|Any CPU
		{6F0AE360-84B7-4D60-92A5-D5043E623665}.Ad-Hoc|x64.Deploy.0 = Release|Any CPU
		{6F0AE360-84B7-4D60-92A5-D5043E623665}.Ad-Hoc|x86.ActiveCfg = Release|Any CPU
		{6F0AE360-84B7-4D60-92A5-D5043E623665}.Ad-Hoc|x86.Build.0 = Release|Any CPU
		{6F0AE360-84B7-4D60-92A5-D5043E623665}.Ad-Hoc|x86.Deploy.0 = Release|Any CPU
		{6F0AE360-84B7-4D60-92A5-D5043E623665}.AppStore|Any CPU.ActiveCfg = Release|Any CPU
		{6F0AE360-84B7-4D60-92A5-D5043E623665}.AppStore|Any CPU.Build.0 = Release|Any CPU
		{6F0AE360-84B7-4D60-92A5-D5043E623665}.AppStore|Any CPU.Deploy.0 = Release|Any CPU
		{6F0AE360-84B7-4D60-92A5-D5043E623665}.AppStore|ARM.ActiveCfg = Release|Any CPU
		{6F0AE360-84B7-4D60-92A5-D5043E623665}.AppStore|ARM.Build.0 = Release|Any CPU
		{6F0AE360-84B7-4D60-92A5-D5043E623665}.AppStore|ARM.Deploy.0 = Release|Any CPU
		{6F0AE360-84B7-4D60-92A5-D5043E623665}.AppStore|iPhone.ActiveCfg = Release|Any CPU
		{6F0AE360-84B7-4D60-92A5-D5043E623665}.AppStore|iPhone.Build.0 = Release|Any CPU
		{6F0AE360-84B7-4D60-92A5-D5043E623665}.AppStore|iPhone.Deploy.0 = Release|Any CPU
		{6F0AE360-84B7-4D60-92A5-D5043E623665}.AppStore|iPhoneSimulator.ActiveCfg = Release|Any CPU
		{6F0AE360-84B7-4D60-92A5-D5043E623665}.AppStore|iPhoneSimulator.Build.0 = Release|Any CPU
		{6F0AE360-84B7-4D60-92A5-D5043E623665}.AppStore|iPhoneSimulator.Deploy.0 = Release|Any CPU
		{6F0AE360-84B7-4D60-92A5-D5043E623665}.AppStore|x64.ActiveCfg = Release|Any CPU
		{6F0AE360-84B7-4D60-92A5-D5043E623665}.AppStore|x64.Build.0 = Release|Any CPU
		{6F0AE360-84B7-4D60-92A5-D5043E623665}.AppStore|x64.Deploy.0 = Release|Any CPU
		{6F0AE360-84B7-4D60-92A5-D5043E623665}.AppStore|x86.ActiveCfg = Release|Any CPU
		{6F0AE360-84B7-4D60-92A5-D5043E623665}.AppStore|x86.Build.0 = Release|Any CPU
		{6F0AE360-84B7-4D60-92A5-D5043E623665}.AppStore|x86.Deploy.0 = Release|Any CPU
		{6F0AE360-84B7-4D60-92A5-D5043E623665}.Debug|Any CPU.ActiveCfg = Debug|Any CPU
		{6F0AE360-84B7-4D60-92A5-D5043E623665}.Debug|Any CPU.Build.0 = Debug|Any CPU
		{6F0AE360-84B7-4D60-92A5-D5043E623665}.Debug|Any CPU.Deploy.0 = Debug|Any CPU
		{6F0AE360-84B7-4D60-92A5-D5043E623665}.Debug|ARM.ActiveCfg = Debug|Any CPU
		{6F0AE360-84B7-4D60-92A5-D5043E623665}.Debug|ARM.Build.0 = Debug|Any CPU
		{6F0AE360-84B7-4D60-92A5-D5043E623665}.Debug|ARM.Deploy.0 = Debug|Any CPU
		{6F0AE360-84B7-4D60-92A5-D5043E623665}.Debug|iPhone.ActiveCfg = Debug|Any CPU
		{6F0AE360-84B7-4D60-92A5-D5043E623665}.Debug|iPhone.Build.0 = Debug|Any CPU
		{6F0AE360-84B7-4D60-92A5-D5043E623665}.Debug|iPhone.Deploy.0 = Debug|Any CPU
		{6F0AE360-84B7-4D60-92A5-D5043E623665}.Debug|iPhoneSimulator.ActiveCfg = Debug|Any CPU
		{6F0AE360-84B7-4D60-92A5-D5043E623665}.Debug|iPhoneSimulator.Build.0 = Debug|Any CPU
		{6F0AE360-84B7-4D60-92A5-D5043E623665}.Debug|iPhoneSimulator.Deploy.0 = Debug|Any CPU
		{6F0AE360-84B7-4D60-92A5-D5043E623665}.Debug|x64.ActiveCfg = Debug|Any CPU
		{6F0AE360-84B7-4D60-92A5-D5043E623665}.Debug|x64.Build.0 = Debug|Any CPU
		{6F0AE360-84B7-4D60-92A5-D5043E623665}.Debug|x64.Deploy.0 = Debug|Any CPU
		{6F0AE360-84B7-4D60-92A5-D5043E623665}.Debug|x86.ActiveCfg = Debug|Any CPU
		{6F0AE360-84B7-4D60-92A5-D5043E623665}.Release|Any CPU.ActiveCfg = Release|Any CPU
		{6F0AE360-84B7-4D60-92A5-D5043E623665}.Release|Any CPU.Build.0 = Release|Any CPU
		{6F0AE360-84B7-4D60-92A5-D5043E623665}.Release|Any CPU.Deploy.0 = Release|Any CPU
		{6F0AE360-84B7-4D60-92A5-D5043E623665}.Release|ARM.ActiveCfg = Release|Any CPU
		{6F0AE360-84B7-4D60-92A5-D5043E623665}.Release|ARM.Build.0 = Release|Any CPU
		{6F0AE360-84B7-4D60-92A5-D5043E623665}.Release|ARM.Deploy.0 = Release|Any CPU
		{6F0AE360-84B7-4D60-92A5-D5043E623665}.Release|iPhone.ActiveCfg = Release|Any CPU
		{6F0AE360-84B7-4D60-92A5-D5043E623665}.Release|iPhone.Build.0 = Release|Any CPU
		{6F0AE360-84B7-4D60-92A5-D5043E623665}.Release|iPhone.Deploy.0 = Release|Any CPU
		{6F0AE360-84B7-4D60-92A5-D5043E623665}.Release|iPhoneSimulator.ActiveCfg = Release|Any CPU
		{6F0AE360-84B7-4D60-92A5-D5043E623665}.Release|iPhoneSimulator.Build.0 = Release|Any CPU
		{6F0AE360-84B7-4D60-92A5-D5043E623665}.Release|iPhoneSimulator.Deploy.0 = Release|Any CPU
		{6F0AE360-84B7-4D60-92A5-D5043E623665}.Release|x64.ActiveCfg = Release|Any CPU
		{6F0AE360-84B7-4D60-92A5-D5043E623665}.Release|x64.Build.0 = Release|Any CPU
		{6F0AE360-84B7-4D60-92A5-D5043E623665}.Release|x64.Deploy.0 = Release|Any CPU
		{6F0AE360-84B7-4D60-92A5-D5043E623665}.Release|x86.ActiveCfg = Release|Any CPU
		{6F0AE360-84B7-4D60-92A5-D5043E623665}.Release|x86.Build.0 = Release|Any CPU
		{6F0AE360-84B7-4D60-92A5-D5043E623665}.Release|x86.Deploy.0 = Release|Any CPU
		{33F88941-0F04-402A-9AFC-192918F89985}.Ad-Hoc|Any CPU.ActiveCfg = Ad-Hoc|iPhoneSimulator
		{33F88941-0F04-402A-9AFC-192918F89985}.Ad-Hoc|ARM.ActiveCfg = Ad-Hoc|iPhone
		{33F88941-0F04-402A-9AFC-192918F89985}.Ad-Hoc|iPhone.ActiveCfg = Ad-Hoc|iPhone
		{33F88941-0F04-402A-9AFC-192918F89985}.Ad-Hoc|iPhone.Build.0 = Ad-Hoc|iPhone
		{33F88941-0F04-402A-9AFC-192918F89985}.Ad-Hoc|iPhoneSimulator.ActiveCfg = Ad-Hoc|iPhoneSimulator
		{33F88941-0F04-402A-9AFC-192918F89985}.Ad-Hoc|iPhoneSimulator.Build.0 = Ad-Hoc|iPhoneSimulator
		{33F88941-0F04-402A-9AFC-192918F89985}.Ad-Hoc|x64.ActiveCfg = Ad-Hoc|iPhone
		{33F88941-0F04-402A-9AFC-192918F89985}.Ad-Hoc|x86.ActiveCfg = Ad-Hoc|iPhone
		{33F88941-0F04-402A-9AFC-192918F89985}.AppStore|Any CPU.ActiveCfg = AppStore|iPhoneSimulator
		{33F88941-0F04-402A-9AFC-192918F89985}.AppStore|ARM.ActiveCfg = AppStore|iPhone
		{33F88941-0F04-402A-9AFC-192918F89985}.AppStore|iPhone.ActiveCfg = AppStore|iPhone
		{33F88941-0F04-402A-9AFC-192918F89985}.AppStore|iPhone.Build.0 = AppStore|iPhone
		{33F88941-0F04-402A-9AFC-192918F89985}.AppStore|iPhoneSimulator.ActiveCfg = AppStore|iPhoneSimulator
		{33F88941-0F04-402A-9AFC-192918F89985}.AppStore|iPhoneSimulator.Build.0 = AppStore|iPhoneSimulator
		{33F88941-0F04-402A-9AFC-192918F89985}.AppStore|x64.ActiveCfg = AppStore|iPhone
		{33F88941-0F04-402A-9AFC-192918F89985}.AppStore|x86.ActiveCfg = AppStore|iPhone
		{33F88941-0F04-402A-9AFC-192918F89985}.Debug|Any CPU.ActiveCfg = Debug|iPhoneSimulator
		{33F88941-0F04-402A-9AFC-192918F89985}.Debug|ARM.ActiveCfg = Debug|iPhone
		{33F88941-0F04-402A-9AFC-192918F89985}.Debug|iPhone.ActiveCfg = Debug|iPhone
		{33F88941-0F04-402A-9AFC-192918F89985}.Debug|iPhone.Build.0 = Debug|iPhone
		{33F88941-0F04-402A-9AFC-192918F89985}.Debug|iPhoneSimulator.ActiveCfg = Debug|iPhoneSimulator
		{33F88941-0F04-402A-9AFC-192918F89985}.Debug|iPhoneSimulator.Build.0 = Debug|iPhoneSimulator
		{33F88941-0F04-402A-9AFC-192918F89985}.Debug|x64.ActiveCfg = Debug|iPhone
		{33F88941-0F04-402A-9AFC-192918F89985}.Debug|x86.ActiveCfg = Debug|iPhone
		{33F88941-0F04-402A-9AFC-192918F89985}.Release|Any CPU.ActiveCfg = Release|iPhoneSimulator
		{33F88941-0F04-402A-9AFC-192918F89985}.Release|ARM.ActiveCfg = Release|iPhone
		{33F88941-0F04-402A-9AFC-192918F89985}.Release|iPhone.ActiveCfg = Release|iPhone
		{33F88941-0F04-402A-9AFC-192918F89985}.Release|iPhone.Build.0 = Release|iPhone
		{33F88941-0F04-402A-9AFC-192918F89985}.Release|iPhoneSimulator.ActiveCfg = Release|iPhoneSimulator
		{33F88941-0F04-402A-9AFC-192918F89985}.Release|iPhoneSimulator.Build.0 = Release|iPhoneSimulator
		{33F88941-0F04-402A-9AFC-192918F89985}.Release|x64.ActiveCfg = Release|iPhone
		{33F88941-0F04-402A-9AFC-192918F89985}.Release|x86.ActiveCfg = Release|iPhone
		{9B20C44B-89B6-4A2F-819E-30D01AAA9C34}.Ad-Hoc|Any CPU.ActiveCfg = Release|x86
		{9B20C44B-89B6-4A2F-819E-30D01AAA9C34}.Ad-Hoc|Any CPU.Build.0 = Release|x86
		{9B20C44B-89B6-4A2F-819E-30D01AAA9C34}.Ad-Hoc|Any CPU.Deploy.0 = Release|x86
		{9B20C44B-89B6-4A2F-819E-30D01AAA9C34}.Ad-Hoc|ARM.ActiveCfg = Release|ARM
		{9B20C44B-89B6-4A2F-819E-30D01AAA9C34}.Ad-Hoc|ARM.Build.0 = Release|ARM
		{9B20C44B-89B6-4A2F-819E-30D01AAA9C34}.Ad-Hoc|ARM.Deploy.0 = Release|ARM
		{9B20C44B-89B6-4A2F-819E-30D01AAA9C34}.Ad-Hoc|iPhone.ActiveCfg = Release|x86
		{9B20C44B-89B6-4A2F-819E-30D01AAA9C34}.Ad-Hoc|iPhone.Build.0 = Release|x86
		{9B20C44B-89B6-4A2F-819E-30D01AAA9C34}.Ad-Hoc|iPhone.Deploy.0 = Release|x86
		{9B20C44B-89B6-4A2F-819E-30D01AAA9C34}.Ad-Hoc|iPhoneSimulator.ActiveCfg = Release|x86
		{9B20C44B-89B6-4A2F-819E-30D01AAA9C34}.Ad-Hoc|iPhoneSimulator.Build.0 = Release|x86
		{9B20C44B-89B6-4A2F-819E-30D01AAA9C34}.Ad-Hoc|iPhoneSimulator.Deploy.0 = Release|x86
		{9B20C44B-89B6-4A2F-819E-30D01AAA9C34}.Ad-Hoc|x64.ActiveCfg = Release|x64
		{9B20C44B-89B6-4A2F-819E-30D01AAA9C34}.Ad-Hoc|x64.Build.0 = Release|x64
		{9B20C44B-89B6-4A2F-819E-30D01AAA9C34}.Ad-Hoc|x64.Deploy.0 = Release|x64
		{9B20C44B-89B6-4A2F-819E-30D01AAA9C34}.Ad-Hoc|x86.ActiveCfg = Release|x86
		{9B20C44B-89B6-4A2F-819E-30D01AAA9C34}.Ad-Hoc|x86.Build.0 = Release|x86
		{9B20C44B-89B6-4A2F-819E-30D01AAA9C34}.Ad-Hoc|x86.Deploy.0 = Release|x86
		{9B20C44B-89B6-4A2F-819E-30D01AAA9C34}.AppStore|Any CPU.ActiveCfg = Release|x86
		{9B20C44B-89B6-4A2F-819E-30D01AAA9C34}.AppStore|Any CPU.Build.0 = Release|x86
		{9B20C44B-89B6-4A2F-819E-30D01AAA9C34}.AppStore|Any CPU.Deploy.0 = Release|x86
		{9B20C44B-89B6-4A2F-819E-30D01AAA9C34}.AppStore|ARM.ActiveCfg = Release|ARM
		{9B20C44B-89B6-4A2F-819E-30D01AAA9C34}.AppStore|ARM.Build.0 = Release|ARM
		{9B20C44B-89B6-4A2F-819E-30D01AAA9C34}.AppStore|ARM.Deploy.0 = Release|ARM
		{9B20C44B-89B6-4A2F-819E-30D01AAA9C34}.AppStore|iPhone.ActiveCfg = Release|x86
		{9B20C44B-89B6-4A2F-819E-30D01AAA9C34}.AppStore|iPhone.Build.0 = Release|x86
		{9B20C44B-89B6-4A2F-819E-30D01AAA9C34}.AppStore|iPhone.Deploy.0 = Release|x86
		{9B20C44B-89B6-4A2F-819E-30D01AAA9C34}.AppStore|iPhoneSimulator.ActiveCfg = Release|x86
		{9B20C44B-89B6-4A2F-819E-30D01AAA9C34}.AppStore|iPhoneSimulator.Build.0 = Release|x86
		{9B20C44B-89B6-4A2F-819E-30D01AAA9C34}.AppStore|iPhoneSimulator.Deploy.0 = Release|x86
		{9B20C44B-89B6-4A2F-819E-30D01AAA9C34}.AppStore|x64.ActiveCfg = Release|x64
		{9B20C44B-89B6-4A2F-819E-30D01AAA9C34}.AppStore|x64.Build.0 = Release|x64
		{9B20C44B-89B6-4A2F-819E-30D01AAA9C34}.AppStore|x64.Deploy.0 = Release|x64
		{9B20C44B-89B6-4A2F-819E-30D01AAA9C34}.AppStore|x86.ActiveCfg = Release|x86
		{9B20C44B-89B6-4A2F-819E-30D01AAA9C34}.AppStore|x86.Build.0 = Release|x86
		{9B20C44B-89B6-4A2F-819E-30D01AAA9C34}.AppStore|x86.Deploy.0 = Release|x86
		{9B20C44B-89B6-4A2F-819E-30D01AAA9C34}.Debug|Any CPU.ActiveCfg = Debug|x86
		{9B20C44B-89B6-4A2F-819E-30D01AAA9C34}.Debug|ARM.ActiveCfg = Debug|ARM
		{9B20C44B-89B6-4A2F-819E-30D01AAA9C34}.Debug|ARM.Build.0 = Debug|ARM
		{9B20C44B-89B6-4A2F-819E-30D01AAA9C34}.Debug|ARM.Deploy.0 = Debug|ARM
		{9B20C44B-89B6-4A2F-819E-30D01AAA9C34}.Debug|iPhone.ActiveCfg = Debug|x86
		{9B20C44B-89B6-4A2F-819E-30D01AAA9C34}.Debug|iPhoneSimulator.ActiveCfg = Debug|x86
		{9B20C44B-89B6-4A2F-819E-30D01AAA9C34}.Debug|x64.ActiveCfg = Debug|x64
		{9B20C44B-89B6-4A2F-819E-30D01AAA9C34}.Debug|x64.Build.0 = Debug|x64
		{9B20C44B-89B6-4A2F-819E-30D01AAA9C34}.Debug|x64.Deploy.0 = Debug|x64
		{9B20C44B-89B6-4A2F-819E-30D01AAA9C34}.Debug|x86.ActiveCfg = Debug|x86
		{9B20C44B-89B6-4A2F-819E-30D01AAA9C34}.Debug|x86.Build.0 = Debug|x86
		{9B20C44B-89B6-4A2F-819E-30D01AAA9C34}.Debug|x86.Deploy.0 = Debug|x86
		{9B20C44B-89B6-4A2F-819E-30D01AAA9C34}.Release|Any CPU.ActiveCfg = Release|x86
		{9B20C44B-89B6-4A2F-819E-30D01AAA9C34}.Release|ARM.ActiveCfg = Release|ARM
		{9B20C44B-89B6-4A2F-819E-30D01AAA9C34}.Release|ARM.Build.0 = Release|ARM
		{9B20C44B-89B6-4A2F-819E-30D01AAA9C34}.Release|ARM.Deploy.0 = Release|ARM
		{9B20C44B-89B6-4A2F-819E-30D01AAA9C34}.Release|iPhone.ActiveCfg = Release|x86
		{9B20C44B-89B6-4A2F-819E-30D01AAA9C34}.Release|iPhoneSimulator.ActiveCfg = Release|x86
		{9B20C44B-89B6-4A2F-819E-30D01AAA9C34}.Release|x64.ActiveCfg = Release|x64
		{9B20C44B-89B6-4A2F-819E-30D01AAA9C34}.Release|x64.Build.0 = Release|x64
		{9B20C44B-89B6-4A2F-819E-30D01AAA9C34}.Release|x64.Deploy.0 = Release|x64
		{9B20C44B-89B6-4A2F-819E-30D01AAA9C34}.Release|x86.ActiveCfg = Release|x86
		{9B20C44B-89B6-4A2F-819E-30D01AAA9C34}.Release|x86.Build.0 = Release|x86
		{9B20C44B-89B6-4A2F-819E-30D01AAA9C34}.Release|x86.Deploy.0 = Release|x86
	EndGlobalSection
	GlobalSection(SolutionProperties) = preSolution
		HideSolutionNode = FALSE
	EndGlobalSection
	GlobalSection(ExtensibilityGlobals) = postSolution
		SolutionGuid = {7D38BDCA-FDEB-4B22-9808-4DE7BB0D070C}
	EndGlobalSection
EndGlobal
